
Microsoft Visual Studio Solution File, Format Version 12.00
# Visual Studio Version 16
VisualStudioVersion = 16.0.31515.178
MinimumVisualStudioVersion = 10.0.40219.1
Project("{FAE04EC0-301F-11D3-BF4B-00C04F79EFBC}") = "VariablesAndDataTypes", "VariablesAndDataTypes\VariablesAndDataTypes.csproj", "{76764EA6-E785-4251-83FC-891B55E190A1}"
EndProject
Global
	GlobalSection(SolutionConfigurationPlatforms) = preSolution
		Debug|Any CPU = Debug|Any CPU
		Release|Any CPU = Release|Any CPU
	EndGlobalSection
	GlobalSection(ProjectConfigurationPlatforms) = postSolution
		{76764EA6-E785-4251-83FC-891B55E190A1}.Debug|Any CPU.ActiveCfg = Debug|Any CPU
		{76764EA6-E785-4251-83FC-891B55E190A1}.Debug|Any CPU.Build.0 = Debug|Any CPU
		{76764EA6-E785-4251-83FC-891B55E190A1}.Release|Any CPU.ActiveCfg = Release|Any CPU
		{76764EA6-E785-4251-83FC-891B55E190A1}.Release|Any CPU.Build.0 = Release|Any CPU
	EndGlobalSection
	GlobalSection(SolutionProperties) = preSolution
		HideSolutionNode = FALSE
	EndGlobalSection
	GlobalSection(ExtensibilityGlobals) = postSolution
		SolutionGuid = {38B9AEA6-E0A1-4C62-99F0-F2BC7E067DFC}
	EndGlobalSection
EndGlobal
