
Microsoft Visual Studio Solution File, Format Version 12.00
# Visual Studio Version 16
VisualStudioVersion = 16.0.31515.178
MinimumVisualStudioVersion = 10.0.40219.1
Project("{FAE04EC0-301F-11D3-BF4B-00C04F79EFBC}") = "People", "People\People.csproj", "{BE2346AD-E31D-4F3E-A053-E14288680B7C}"
EndProject
Global
	GlobalSection(SolutionConfigurationPlatforms) = preSolution
		Debug|Any CPU = Debug|Any CPU
		Release|Any CPU = Release|Any CPU
	EndGlobalSection
	GlobalSection(ProjectConfigurationPlatforms) = postSolution
		{BE2346AD-E31D-4F3E-A053-E14288680B7C}.Debug|Any CPU.ActiveCfg = Debug|Any CPU
		{BE2346AD-E31D-4F3E-A053-E14288680B7C}.Debug|Any CPU.Build.0 = Debug|Any CPU
		{BE2346AD-E31D-4F3E-A053-E14288680B7C}.Release|Any CPU.ActiveCfg = Release|Any CPU
		{BE2346AD-E31D-4F3E-A053-E14288680B7C}.Release|Any CPU.Build.0 = Release|Any CPU
	EndGlobalSection
	GlobalSection(SolutionProperties) = preSolution
		HideSolutionNode = FALSE
	EndGlobalSection
	GlobalSection(ExtensibilityGlobals) = postSolution
		SolutionGuid = {F6291AB9-9938-40F5-A075-3D6A7DA34BB9}
	EndGlobalSection
EndGlobal
