
Microsoft Visual Studio Solution File, Format Version 12.00
# Visual Studio Version 16
VisualStudioVersion = 16.0.31515.178
MinimumVisualStudioVersion = 10.0.40219.1
Project("{FAE04EC0-301F-11D3-BF4B-00C04F79EFBC}") = "incomeComparison", "incomeComparison\incomeComparison.csproj", "{8B3ACABF-E932-4BD6-8636-B9E721D60BBD}"
EndProject
Global
	GlobalSection(SolutionConfigurationPlatforms) = preSolution
		Debug|Any CPU = Debug|Any CPU
		Release|Any CPU = Release|Any CPU
	EndGlobalSection
	GlobalSection(ProjectConfigurationPlatforms) = postSolution
		{8B3ACABF-E932-4BD6-8636-B9E721D60BBD}.Debug|Any CPU.ActiveCfg = Debug|Any CPU
		{8B3ACABF-E932-4BD6-8636-B9E721D60BBD}.Debug|Any CPU.Build.0 = Debug|Any CPU
		{8B3ACABF-E932-4BD6-8636-B9E721D60BBD}.Release|Any CPU.ActiveCfg = Release|Any CPU
		{8B3ACABF-E932-4BD6-8636-B9E721D60BBD}.Release|Any CPU.Build.0 = Release|Any CPU
	EndGlobalSection
	GlobalSection(SolutionProperties) = preSolution
		HideSolutionNode = FALSE
	EndGlobalSection
	GlobalSection(ExtensibilityGlobals) = postSolution
		SolutionGuid = {18A83042-4854-4C15-8166-A42A06C1C942}
	EndGlobalSection
EndGlobal
