
Microsoft Visual Studio Solution File, Format Version 12.00
# Visual Studio Version 16
VisualStudioVersion = 16.0.31515.178
MinimumVisualStudioVersion = 10.0.40219.1
Project("{FAE04EC0-301F-11D3-BF4B-00C04F79EFBC}") = "datetimeAssignment", "datetimeAssignment\datetimeAssignment.csproj", "{CF627C69-C2F6-47D9-88CF-9DDF2221B031}"
EndProject
Global
	GlobalSection(SolutionConfigurationPlatforms) = preSolution
		Debug|Any CPU = Debug|Any CPU
		Release|Any CPU = Release|Any CPU
	EndGlobalSection
	GlobalSection(ProjectConfigurationPlatforms) = postSolution
		{CF627C69-C2F6-47D9-88CF-9DDF2221B031}.Debug|Any CPU.ActiveCfg = Debug|Any CPU
		{CF627C69-C2F6-47D9-88CF-9DDF2221B031}.Debug|Any CPU.Build.0 = Debug|Any CPU
		{CF627C69-C2F6-47D9-88CF-9DDF2221B031}.Release|Any CPU.ActiveCfg = Release|Any CPU
		{CF627C69-C2F6-47D9-88CF-9DDF2221B031}.Release|Any CPU.Build.0 = Release|Any CPU
	EndGlobalSection
	GlobalSection(SolutionProperties) = preSolution
		HideSolutionNode = FALSE
	EndGlobalSection
	GlobalSection(ExtensibilityGlobals) = postSolution
		SolutionGuid = {0CF68079-F367-472A-8637-C1151A9B73D4}
	EndGlobalSection
EndGlobal
