
Microsoft Visual Studio Solution File, Format Version 12.00
# Visual Studio Version 16
VisualStudioVersion = 16.0.31515.178
MinimumVisualStudioVersion = 10.0.40219.1
Project("{FAE04EC0-301F-11D3-BF4B-00C04F79EFBC}") = "TryCatch", "TryCatch\TryCatch.csproj", "{A7895A27-A918-4C2B-B165-9DFE43EED1D4}"
EndProject
Global
	GlobalSection(SolutionConfigurationPlatforms) = preSolution
		Debug|Any CPU = Debug|Any CPU
		Release|Any CPU = Release|Any CPU
	EndGlobalSection
	GlobalSection(ProjectConfigurationPlatforms) = postSolution
		{A7895A27-A918-4C2B-B165-9DFE43EED1D4}.Debug|Any CPU.ActiveCfg = Debug|Any CPU
		{A7895A27-A918-4C2B-B165-9DFE43EED1D4}.Debug|Any CPU.Build.0 = Debug|Any CPU
		{A7895A27-A918-4C2B-B165-9DFE43EED1D4}.Release|Any CPU.ActiveCfg = Release|Any CPU
		{A7895A27-A918-4C2B-B165-9DFE43EED1D4}.Release|Any CPU.Build.0 = Release|Any CPU
	EndGlobalSection
	GlobalSection(SolutionProperties) = preSolution
		HideSolutionNode = FALSE
	EndGlobalSection
	GlobalSection(ExtensibilityGlobals) = postSolution
		SolutionGuid = {65725EED-2D79-43B6-A585-1A14877912C2}
	EndGlobalSection
EndGlobal
