
Microsoft Visual Studio Solution File, Format Version 12.00
# Visual Studio Version 16
VisualStudioVersion = 16.0.31515.178
MinimumVisualStudioVersion = 10.0.40219.1
Project("{FAE04EC0-301F-11D3-BF4B-00C04F79EFBC}") = "carInsurance", "carInsurance\carInsurance.csproj", "{4686230C-84B6-46ED-9E74-75A8A9CC7DCF}"
EndProject
Global
	GlobalSection(SolutionConfigurationPlatforms) = preSolution
		Debug|Any CPU = Debug|Any CPU
		Release|Any CPU = Release|Any CPU
	EndGlobalSection
	GlobalSection(ProjectConfigurationPlatforms) = postSolution
		{4686230C-84B6-46ED-9E74-75A8A9CC7DCF}.Debug|Any CPU.ActiveCfg = Debug|Any CPU
		{4686230C-84B6-46ED-9E74-75A8A9CC7DCF}.Debug|Any CPU.Build.0 = Debug|Any CPU
		{4686230C-84B6-46ED-9E74-75A8A9CC7DCF}.Release|Any CPU.ActiveCfg = Release|Any CPU
		{4686230C-84B6-46ED-9E74-75A8A9CC7DCF}.Release|Any CPU.Build.0 = Release|Any CPU
	EndGlobalSection
	GlobalSection(SolutionProperties) = preSolution
		HideSolutionNode = FALSE
	EndGlobalSection
	GlobalSection(ExtensibilityGlobals) = postSolution
		SolutionGuid = {3D003076-946A-4B31-8D43-064E9D53936D}
	EndGlobalSection
EndGlobal
